// !$*UTF8*$!
{
	archiveVersion = 1;
	classes = {
	};
	objectVersion = 46;
	objects = {

/* Begin PBXBuildFile section */
		B665A19334ED1D28EA2805FD /* Pods_IAPController.framework in Frameworks */ = {isa = PBXBuildFile; fileRef = D34B2AB80D62C3990147FD4C /* Pods_IAPController.framework */; settings = {ATTRIBUTES = (Weak, ); }; };
		C161F7F11B617DF20064821F /* AppDelegate.swift in Sources */ = {isa = PBXBuildFile; fileRef = C161F7F01B617DF20064821F /* AppDelegate.swift */; };
		C161F8111B617F1B0064821F /* IAPControllerProductIds.plist in Resources */ = {isa = PBXBuildFile; fileRef = C161F8101B617F1B0064821F /* IAPControllerProductIds.plist */; };
/* End PBXBuildFile section */

/* Begin PBXFileReference section */
		537A77345AE1589C6BEF8FFB /* Pods-IAPController.release.xcconfig */ = {isa = PBXFileReference; includeInIndex = 1; lastKnownFileType = text.xcconfig; name = "Pods-IAPController.release.xcconfig"; path = "Pods/Target Support Files/Pods-IAPController/Pods-IAPController.release.xcconfig"; sourceTree = "<group>"; };
		C161F7EB1B617DF20064821F /* Demo.app */ = {isa = PBXFileReference; explicitFileType = wrapper.application; includeInIndex = 0; path = Demo.app; sourceTree = BUILT_PRODUCTS_DIR; };
		C161F7EF1B617DF20064821F /* Info.plist */ = {isa = PBXFileReference; lastKnownFileType = text.plist.xml; path = Info.plist; sourceTree = "<group>"; };
		C161F7F01B617DF20064821F /* AppDelegate.swift */ = {isa = PBXFileReference; lastKnownFileType = sourcecode.swift; path = AppDelegate.swift; sourceTree = "<group>"; };
		C161F8101B617F1B0064821F /* IAPControllerProductIds.plist */ = {isa = PBXFileReference; fileEncoding = 4; lastKnownFileType = text.plist.xml; path = IAPControllerProductIds.plist; sourceTree = "<group>"; };
		D34B2AB80D62C3990147FD4C /* Pods_IAPController.framework */ = {isa = PBXFileReference; explicitFileType = wrapper.framework; includeInIndex = 0; path = Pods_IAPController.framework; sourceTree = BUILT_PRODUCTS_DIR; };
		D6BCEBB902A90F466EBFAA2E /* Pods-IAPController.debug.xcconfig */ = {isa = PBXFileReference; includeInIndex = 1; lastKnownFileType = text.xcconfig; name = "Pods-IAPController.debug.xcconfig"; path = "Pods/Target Support Files/Pods-IAPController/Pods-IAPController.debug.xcconfig"; sourceTree = "<group>"; };
/* End PBXFileReference section */

/* Begin PBXFrameworksBuildPhase section */
		C161F7E81B617DF20064821F /* Frameworks */ = {
			isa = PBXFrameworksBuildPhase;
			buildActionMask = 2147483647;
			files = (
				B665A19334ED1D28EA2805FD /* Pods_IAPController.framework in Frameworks */,
			);
			runOnlyForDeploymentPostprocessing = 0;
		};
/* End PBXFrameworksBuildPhase section */

/* Begin PBXGroup section */
		3B9578821148C8D9EF948F39 /* Pods */ = {
			isa = PBXGroup;
			children = (
				D6BCEBB902A90F466EBFAA2E /* Pods-IAPController.debug.xcconfig */,
				537A77345AE1589C6BEF8FFB /* Pods-IAPController.release.xcconfig */,
			);
			name = Pods;
			sourceTree = "<group>";
		};
		3C9F6D7B1752C073E6A49A13 /* Frameworks */ = {
			isa = PBXGroup;
			children = (
				D34B2AB80D62C3990147FD4C /* Pods_IAPController.framework */,
			);
			name = Frameworks;
			sourceTree = "<group>";
		};
		C161F7E21B617DF20064821F = {
			isa = PBXGroup;
			children = (
				C161F7ED1B617DF20064821F /* Classes */,
				3C9F6D7B1752C073E6A49A13 /* Frameworks */,
				3B9578821148C8D9EF948F39 /* Pods */,
				C161F7EC1B617DF20064821F /* Products */,
			);
			sourceTree = "<group>";
		};
		C161F7EC1B617DF20064821F /* Products */ = {
			isa = PBXGroup;
			children = (
				C161F7EB1B617DF20064821F /* Demo.app */,
			);
			name = Products;
			sourceTree = "<group>";
		};
		C161F7ED1B617DF20064821F /* Classes */ = {
			isa = PBXGroup;
			children = (
				C161F7EE1B617DF20064821F /* Supporting Files */,
				C161F7F01B617DF20064821F /* AppDelegate.swift */,
			);
			path = Classes;
			sourceTree = "<group>";
		};
		C161F7EE1B617DF20064821F /* Supporting Files */ = {
			isa = PBXGroup;
			children = (
				C161F8101B617F1B0064821F /* IAPControllerProductIds.plist */,
				C161F7EF1B617DF20064821F /* Info.plist */,
			);
			path = "Supporting Files";
			sourceTree = "<group>";
		};
/* End PBXGroup section */

/* Begin PBXNativeTarget section */
		C161F7EA1B617DF20064821F /* Demo */ = {
			isa = PBXNativeTarget;
			buildConfigurationList = C161F80A1B617DF20064821F /* Build configuration list for PBXNativeTarget "Demo" */;
			buildPhases = (
				8A7347158501AB38D12F3A1B /* Check Pods Manifest.lock */,
				C161F7E71B617DF20064821F /* Sources */,
				C161F7E81B617DF20064821F /* Frameworks */,
				C161F7E91B617DF20064821F /* Resources */,
				7360E73ED33EA63C06DE0657 /* Embed Pods Frameworks */,
				197B781197236DB9D8F5FE1D /* Copy Pods Resources */,
			);
			buildRules = (
			);
			dependencies = (
			);
			name = Demo;
			productName = IAPControllerTest;
			productReference = C161F7EB1B617DF20064821F /* Demo.app */;
			productType = "com.apple.product-type.application";
		};
/* End PBXNativeTarget section */

/* Begin PBXProject section */
		C161F7E31B617DF20064821F /* Project object */ = {
			isa = PBXProject;
			attributes = {
				LastSwiftUpdateCheck = 0700;
				LastUpgradeCheck = 0640;
				TargetAttributes = {
					C161F7EA1B617DF20064821F = {
						CreatedOnToolsVersion = 6.4;
					};
				};
			};
			buildConfigurationList = C161F7E61B617DF20064821F /* Build configuration list for PBXProject "Demo" */;
			compatibilityVersion = "Xcode 3.2";
			developmentRegion = English;
			hasScannedForEncodings = 0;
			knownRegions = (
				en,
				Base,
			);
			mainGroup = C161F7E21B617DF20064821F;
			productRefGroup = C161F7EC1B617DF20064821F /* Products */;
			projectDirPath = "";
			projectRoot = "";
			targets = (
				C161F7EA1B617DF20064821F /* Demo */,
			);
		};
/* End PBXProject section */

/* Begin PBXResourcesBuildPhase section */
		C161F7E91B617DF20064821F /* Resources */ = {
			isa = PBXResourcesBuildPhase;
			buildActionMask = 2147483647;
			files = (
				C161F8111B617F1B0064821F /* IAPControllerProductIds.plist in Resources */,
			);
			runOnlyForDeploymentPostprocessing = 0;
		};
/* End PBXResourcesBuildPhase section */

/* Begin PBXShellScriptBuildPhase section */
		197B781197236DB9D8F5FE1D /* Copy Pods Resources */ = {
			isa = PBXShellScriptBuildPhase;
			buildActionMask = 2147483647;
			files = (
			);
			inputPaths = (
			);
			name = "Copy Pods Resources";
			outputPaths = (
			);
			runOnlyForDeploymentPostprocessing = 0;
			shellPath = /bin/sh;
			shellScript = "\"${SRCROOT}/Pods/Target Support Files/Pods-IAPController/Pods-IAPController-resources.sh\"\n";
			showEnvVarsInLog = 0;
		};
		7360E73ED33EA63C06DE0657 /* Embed Pods Frameworks */ = {
			isa = PBXShellScriptBuildPhase;
			buildActionMask = 2147483647;
			files = (
			);
			inputPaths = (
			);
			name = "Embed Pods Frameworks";
			outputPaths = (
			);
			runOnlyForDeploymentPostprocessing = 0;
			shellPath = /bin/sh;
			shellScript = "\"${SRCROOT}/Pods/Target Support Files/Pods-IAPController/Pods-IAPController-frameworks.sh\"\n";
			showEnvVarsInLog = 0;
		};
		8A7347158501AB38D12F3A1B /* Check Pods Manifest.lock */ = {
			isa = PBXShellScriptBuildPhase;
			buildActionMask = 2147483647;
			files = (
			);
			inputPaths = (
			);
			name = "Check Pods Manifest.lock";
			outputPaths = (
			);
			runOnlyForDeploymentPostprocessing = 0;
			shellPath = /bin/sh;
			shellScript = "diff \"${PODS_ROOT}/../Podfile.lock\" \"${PODS_ROOT}/Manifest.lock\" > /dev/null\nif [[ $? != 0 ]] ; then\n    cat << EOM\nerror: The sandbox is not in sync with the Podfile.lock. Run 'pod install' or update your CocoaPods installation.\nEOM\n    exit 1\nfi\n";
			showEnvVarsInLog = 0;
		};
/* End PBXShellScriptBuildPhase section */

/* Begin PBXSourcesBuildPhase section */
		C161F7E71B617DF20064821F /* Sources */ = {
			isa = PBXSourcesBuildPhase;
			buildActionMask = 2147483647;
			files = (
				C161F7F11B617DF20064821F /* AppDelegate.swift in Sources */,
			);
			runOnlyForDeploymentPostprocessing = 0;
		};
/* End PBXSourcesBuildPhase section */

/* Begin XCBuildConfiguration section */
		C161F8081B617DF20064821F /* Debug */ = {
			isa = XCBuildConfiguration;
			buildSettings = {
				ALWAYS_SEARCH_USER_PATHS = NO;
				CLANG_CXX_LANGUAGE_STANDARD = "gnu++0x";
				CLANG_CXX_LIBRARY = "libc++";
				CLANG_ENABLE_MODULES = YES;
				CLANG_ENABLE_OBJC_ARC = YES;
				CLANG_WARN_BOOL_CONVERSION = YES;
				CLANG_WARN_CONSTANT_CONVERSION = YES;
				CLANG_WARN_DIRECT_OBJC_ISA_USAGE = YES_ERROR;
				CLANG_WARN_EMPTY_BODY = YES;
				CLANG_WARN_ENUM_CONVERSION = YES;
				CLANG_WARN_INT_CONVERSION = YES;
				CLANG_WARN_OBJC_ROOT_CLASS = YES_ERROR;
				CLANG_WARN_UNREACHABLE_CODE = YES;
				CLANG_WARN__DUPLICATE_METHOD_MATCH = YES;
				"CODE_SIGN_IDENTITY[sdk=iphoneos*]" = "iPhone Developer";
				COPY_PHASE_STRIP = NO;
				DEBUG_INFORMATION_FORMAT = "dwarf-with-dsym";
				ENABLE_STRICT_OBJC_MSGSEND = YES;
				GCC_C_LANGUAGE_STANDARD = gnu99;
				GCC_DYNAMIC_NO_PIC = NO;
				GCC_NO_COMMON_BLOCKS = YES;
				GCC_OPTIMIZATION_LEVEL = 0;
				GCC_PREPROCESSOR_DEFINITIONS = (
					"DEBUG=1",
					"$(inherited)",
				);
				GCC_SYMBOLS_PRIVATE_EXTERN = NO;
				GCC_WARN_64_TO_32_BIT_CONVERSION = YES;
				GCC_WARN_ABOUT_RETURN_TYPE = YES_ERROR;
				GCC_WARN_UNDECLARED_SELECTOR = YES;
				GCC_WARN_UNINITIALIZED_AUTOS = YES_AGGRESSIVE;
				GCC_WARN_UNUSED_FUNCTION = YES;
				GCC_WARN_UNUSED_VARIABLE = YES;
				IPHONEOS_DEPLOYMENT_TARGET = 8.0;
				MTL_ENABLE_DEBUG_INFO = YES;
				ONLY_ACTIVE_ARCH = YES;
				SDKROOT = iphoneos;
				SWIFT_OPTIMIZATION_LEVEL = "-Onone";
			};
			name = Debug;
		};
		C161F8091B617DF20064821F /* Release */ = {
			isa = XCBuildConfiguration;
			buildSettings = {
				ALWAYS_SEARCH_USER_PATHS = NO;
				CLANG_CXX_LANGUAGE_STANDARD = "gnu++0x";
				CLANG_CXX_LIBRARY = "libc++";
				CLANG_ENABLE_MODULES = YES;
				CLANG_ENABLE_OBJC_ARC = YES;
				CLANG_WARN_BOOL_CONVERSION = YES;
				CLANG_WARN_CONSTANT_CONVERSION = YES;
				CLANG_WARN_DIRECT_OBJC_ISA_USAGE = YES_ERROR;
				CLANG_WARN_EMPTY_BODY = YES;
				CLANG_WARN_ENUM_CONVERSION = YES;
				CLANG_WARN_INT_CONVERSION = YES;
				CLANG_WARN_OBJC_ROOT_CLASS = YES_ERROR;
				CLANG_WARN_UNREACHABLE_CODE = YES;
				CLANG_WARN__DUPLICATE_METHOD_MATCH = YES;
				"CODE_SIGN_IDENTITY[sdk=iphoneos*]" = "iPhone Developer";
				COPY_PHASE_STRIP = NO;
				DEBUG_INFORMATION_FORMAT = "dwarf-with-dsym";
				ENABLE_NS_ASSERTIONS = NO;
				ENABLE_STRICT_OBJC_MSGSEND = YES;
				GCC_C_LANGUAGE_STANDARD = gnu99;
				GCC_NO_COMMON_BLOCKS = YES;
				GCC_WARN_64_TO_32_BIT_CONVERSION = YES;
				GCC_WARN_ABOUT_RETURN_TYPE = YES_ERROR;
				GCC_WARN_UNDECLARED_SELECTOR = YES;
				GCC_WARN_UNINITIALIZED_AUTOS = YES_AGGRESSIVE;
				GCC_WARN_UNUSED_FUNCTION = YES;
				GCC_WARN_UNUSED_VARIABLE = YES;
				IPHONEOS_DEPLOYMENT_TARGET = 8.0;
				MTL_ENABLE_DEBUG_INFO = NO;
				SDKROOT = iphoneos;
				VALIDATE_PRODUCT = YES;
			};
			name = Release;
		};
		C161F80B1B617DF20064821F /* Debug */ = {
			isa = XCBuildConfiguration;
			baseConfigurationReference = D6BCEBB902A90F466EBFAA2E /* Pods-IAPController.debug.xcconfig */;
			buildSettings = {
				INFOPLIST_FILE = "Classes/Supporting Files/Info.plist";
				IPHONEOS_DEPLOYMENT_TARGET = 8.0;
				LD_RUNPATH_SEARCH_PATHS = "$(inherited) @executable_path/Frameworks";
				PRODUCT_NAME = Demo;
			};
			name = Debug;
		};
		C161F80C1B617DF20064821F /* Release */ = {
			isa = XCBuildConfiguration;
			baseConfigurationReference = 537A77345AE1589C6BEF8FFB /* Pods-IAPController.release.xcconfig */;
			buildSettings = {
				INFOPLIST_FILE = "Classes/Supporting Files/Info.plist";
				IPHONEOS_DEPLOYMENT_TARGET = 8.0;
				LD_RUNPATH_SEARCH_PATHS = "$(inherited) @executable_path/Frameworks";
				PRODUCT_NAME = Demo;
			};
			name = Release;
		};
/* End XCBuildConfiguration section */

/* Begin XCConfigurationList section */
		C161F7E61B617DF20064821F /* Build configuration list for PBXProject "Demo" */ = {
			isa = XCConfigurationList;
			buildConfigurations = (
				C161F8081B617DF20064821F /* Debug */,
				C161F8091B617DF20064821F /* Release */,
			);
			defaultConfigurationIsVisible = 0;
			defaultConfigurationName = Release;
		};
		C161F80A1B617DF20064821F /* Build configuration list for PBXNativeTarget "Demo" */ = {
			isa = XCConfigurationList;
			buildConfigurations = (
				C161F80B1B617DF20064821F /* Debug */,
				C161F80C1B617DF20064821F /* Release */,
			);
			defaultConfigurationIsVisible = 0;
			defaultConfigurationName = Release;
		};
/* End XCConfigurationList section */
	};
	rootObject = C161F7E31B617DF20064821F /* Project object */;
}
